{
	"name": "scaler",
	"version": "1.0.0",
	"lockfileVersion": 3,
	"requires": true,
	"packages": {
		"": {
			"name": "scaler",
			"version": "1.0.0",
			"license": "ISC",
			"dependencies": {
				"@types/dateformat": "^3.0.1",
				"@types/jwt-decode": "^3.1.0",
				"@types/node": "^20.11.30",
				"dateformat": "^3.0.3",
				"jwt-decode": "^4.0.0",
				"typescript": "^5.4.3"
			}
		},
		"node_modules/@types/dateformat": {
			"version": "3.0.1",
			"resolved": "https://registry.npmjs.org/@types/dateformat/-/dateformat-3.0.1.tgz",
			"integrity": "sha512-KlPPdikagvL6ELjWsljbyDIPzNCeliYkqRpI+zea99vBBbCIA5JNshZAwQKTON139c87y9qvTFVgkFd14rtS4g=="
		},
		"node_modules/@types/jwt-decode": {
			"version": "3.1.0",
			"resolved": "https://registry.npmjs.org/@types/jwt-decode/-/jwt-decode-3.1.0.tgz",
			"integrity": "sha512-tthwik7TKkou3mVnBnvVuHnHElbjtdbM63pdBCbZTirCt3WAdM73Y79mOri7+ljsS99ZVwUFZHLMxJuJnv/z1w==",
			"deprecated": "This is a stub types definition. jwt-decode provides its own type definitions, so you do not need this installed.",
			"dependencies": {
				"jwt-decode": "*"
			}
		},
		"node_modules/@types/node": {
			"version": "20.11.30",
			"resolved": "https://registry.npmjs.org/@types/node/-/node-20.11.30.tgz",
			"integrity": "sha512-dHM6ZxwlmuZaRmUPfv1p+KrdD1Dci04FbdEm/9wEMouFqxYoFl5aMkt0VMAUtYRQDyYvD41WJLukhq/ha3YuTw==",
			"dependencies": {
				"undici-types": "~5.26.4"
			}
		},
		"node_modules/dateformat": {
			"version": "3.0.3",
			"resolved": "https://registry.npmjs.org/dateformat/-/dateformat-3.0.3.tgz",
			"integrity": "sha512-jyCETtSl3VMZMWeRo7iY1FL19ges1t55hMo5yaam4Jrsm5EPL89UQkoQRyiI+Yf4k8r2ZpdngkV8hr1lIdjb3Q==",
			"engines": {
				"node": "*"
			}
		},
		"node_modules/jwt-decode": {
			"version": "4.0.0",
			"resolved": "https://registry.npmjs.org/jwt-decode/-/jwt-decode-4.0.0.tgz",
			"integrity": "sha512-+KJGIyHgkGuIq3IEBNftfhW/LfWhXUIY6OmyVWjliu5KH1y0fw7VQ8YndE2O4qZdMSd9SqbnC8GOcZEy0Om7sA==",
			"engines": {
				"node": ">=18"
			}
		},
		"node_modules/typescript": {
			"version": "5.4.3",
			"resolved": "https://registry.npmjs.org/typescript/-/typescript-5.4.3.tgz",
			"integrity": "sha512-KrPd3PKaCLr78MalgiwJnA25Nm8HAmdwN3mYUYZgG/wizIo9EainNVQI9/yDavtVFRN2h3k8uf3GLHuhDMgEHg==",
			"bin": {
				"tsc": "bin/tsc",
				"tsserver": "bin/tsserver"
			},
			"engines": {
				"node": ">=14.17"
			}
		},
		"node_modules/undici-types": {
			"version": "5.26.5",
			"resolved": "https://registry.npmjs.org/undici-types/-/undici-types-5.26.5.tgz",
			"integrity": "sha512-JlCMO+ehdEIKqlFxk6IfVoAUVmgz7cU7zD/h9XZ0qzeosSHmUJVOzSQvvYSYWXkFXC+IfLKSIffhv0sVZup6pA=="
		}
	}
}
